{
  "pins" : [
    {
      "identity" : "wwbarberpoleview",
      "kind" : "remoteSourceControl",
      "location" : "https://github.com/William-Weng/WWBarberPoleView",
      "state" : {
        "revision" : "22c7b736cbcc065d358fd1dd45a5e23d5ef6fc15",
        "version" : "1.0.2"
      }
    }
  ],
  "version" : 2
}
