{
  "pins" : [
    {
      "identity" : "wwbarberpoleview",
      "kind" : "remoteSourceControl",
      "location" : "https://github.com/William-Weng/WWBarberPoleView",
      "state" : {
        "revision" : "763d1709ae9b00990b18945cf8daf4e4a68dd1e2",
        "version" : "1.2.1"
      }
    }
  ],
  "version" : 2
}
